
Microsoft Visual Studio Solution File, Format Version 12.00
# Visual Studio Version 17
VisualStudioVersion = 17.14.36804.6
MinimumVisualStudioVersion = 10.0.40219.1
Project("{FAE04EC0-301F-11D3-BF4B-00C04F79EFBC}") = "CSharpDemos", "CSharpDemos\CSharpDemos.csproj", "{F2D4C722-91A5-4508-9819-3B529C019634}"
EndProject
Project("{FAE04EC0-301F-11D3-BF4B-00C04F79EFBC}") = "ObserverPattern", "ObserverPattern\ObserverPattern.csproj", "{FFDF3E7A-FFA2-48B9-A282-40E0D605486A}"
EndProject
Project("{FAE04EC0-301F-11D3-BF4B-00C04F79EFBC}") = "Collection", "Collection\Collection.csproj", "{C4CCBDFF-3A53-4D5E-AA8E-E812709D0080}"
EndProject
Project("{FAE04EC0-301F-11D3-BF4B-00C04F79EFBC}") = "GenericDemo", "GenericDemo\GenericDemo.csproj", "{6DC57C1B-94E9-475F-91EB-C72176E85D00}"
EndProject
Project("{FAE04EC0-301F-11D3-BF4B-00C04F79EFBC}") = "GenericCollection", "GenericCollection\GenericCollection.csproj", "{78BF8DA6-2EF6-4AB2-B4D7-985E7E47C171}"
EndProject
Project("{FAE04EC0-301F-11D3-BF4B-00C04F79EFBC}") = "GenericDelegate", "GenericDelegate\GenericDelegate.csproj", "{BE634659-BA3E-4E06-8265-CC108417330F}"
EndProject
Project("{FAE04EC0-301F-11D3-BF4B-00C04F79EFBC}") = "FileIO", "FileIO\FileIO.csproj", "{3A2A691F-07FB-4A32-9446-C4021ABAA848}"
EndProject
Project("{FAE04EC0-301F-11D3-BF4B-00C04F79EFBC}") = "BinarySerialization", "BinarySerialization\BinarySerialization.csproj", "{715A8B95-CBC0-4A57-B4CD-7C1331B1FC3E}"
EndProject
Project("{2150E333-8FDC-42A3-9474-1A3956D46DE8}") = "Solution Items", "Solution Items", "{02EA681E-C7D8-13C7-8484-4AC65E1B71E8}"
	ProjectSection(SolutionItems) = preProject
		.editorconfig = .editorconfig
	EndProjectSection
EndProject
Project("{FAE04EC0-301F-11D3-BF4B-00C04F79EFBC}") = "Serialization", "Serialization\Serialization.csproj", "{380CCEB1-158C-4440-A8DB-E80413A20D3F}"
EndProject
Project("{FAE04EC0-301F-11D3-BF4B-00C04F79EFBC}") = "Reflection", "Reflection\Reflection.csproj", "{B641A3C9-21CF-47BE-AF6B-2C509D4ABCDD}"
EndProject
Project("{FAE04EC0-301F-11D3-BF4B-00C04F79EFBC}") = "MyMath", "MyMath\MyMath.csproj", "{B2A14203-339B-4A3A-AB8B-3871EEFAB5E7}"
EndProject
Project("{FAE04EC0-301F-11D3-BF4B-00C04F79EFBC}") = "BVSAttribute", "BVSAttribute\BVSAttribute.csproj", "{ABEB020B-71C2-4C02-BB9F-3DFEBC7FA10C}"
EndProject
Project("{FAE04EC0-301F-11D3-BF4B-00C04F79EFBC}") = "MyApplication", "MyApplication\MyApplication.csproj", "{5348CC6F-2924-42B5-89B7-B86A42B57DD1}"
EndProject
Project("{FAE04EC0-301F-11D3-BF4B-00C04F79EFBC}") = "EmpLib", "EmpLib\EmpLib.csproj", "{1DC0DDC0-AD85-4153-A579-0885E82D92D8}"
EndProject
Project("{FAE04EC0-301F-11D3-BF4B-00C04F79EFBC}") = "CustomAttributes", "CustomAttributes\CustomAttributes.csproj", "{728F1A25-FC1C-4648-88AB-5E0DDC6B0D5F}"
EndProject
Project("{FAE04EC0-301F-11D3-BF4B-00C04F79EFBC}") = "MyORM", "MyORM\MyORM.csproj", "{294911A5-3C73-408A-A08C-A2085F1A36FB}"
EndProject
Project("{FAE04EC0-301F-11D3-BF4B-00C04F79EFBC}") = "CSharpFeatures", "CSharpFeatures\CSharpFeatures.csproj", "{E90DB16E-0BE0-4662-800D-AEF0DE7943DF}"
EndProject
Project("{FAE04EC0-301F-11D3-BF4B-00C04F79EFBC}") = "CSharpFeatures2Iterator", "CSharpFeatures2Iterator\CSharpFeatures2Iterator.csproj", "{612B9665-4CA7-4D3D-85CB-0B36C8BC3E83}"
EndProject
Project("{FAE04EC0-301F-11D3-BF4B-00C04F79EFBC}") = "LINQ", "LINQ\LINQ.csproj", "{CFB5880E-E00C-45B2-848F-CD784E9744F4}"
EndProject
Project("{FAE04EC0-301F-11D3-BF4B-00C04F79EFBC}") = "LINQ2", "LINQ2\LINQ2.csproj", "{BBA38422-917D-448E-BFB5-085751377F56}"
EndProject
Project("{FAE04EC0-301F-11D3-BF4B-00C04F79EFBC}") = "LINQ3", "LINQ3\LINQ3.csproj", "{364DA757-3931-486C-8182-A4D76E7DF647}"
EndProject
Project("{FAE04EC0-301F-11D3-BF4B-00C04F79EFBC}") = "LINQ4", "LINQ4\LINQ4.csproj", "{49EBCCC4-C32A-4D9D-9002-1D80399E8FC9}"
EndProject
Project("{FAE04EC0-301F-11D3-BF4B-00C04F79EFBC}") = "ConnectedAdoNet", "ConnectedAdoNet\ConnectedAdoNet.csproj", "{DB4804D4-6B9B-41E1-9895-3CEB5CE8AA80}"
EndProject
Global
	GlobalSection(SolutionConfigurationPlatforms) = preSolution
		Debug|Any CPU = Debug|Any CPU
		Release|Any CPU = Release|Any CPU
	EndGlobalSection
	GlobalSection(ProjectConfigurationPlatforms) = postSolution
		{F2D4C722-91A5-4508-9819-3B529C019634}.Debug|Any CPU.ActiveCfg = Debug|Any CPU
		{F2D4C722-91A5-4508-9819-3B529C019634}.Debug|Any CPU.Build.0 = Debug|Any CPU
		{F2D4C722-91A5-4508-9819-3B529C019634}.Release|Any CPU.ActiveCfg = Release|Any CPU
		{F2D4C722-91A5-4508-9819-3B529C019634}.Release|Any CPU.Build.0 = Release|Any CPU
		{FFDF3E7A-FFA2-48B9-A282-40E0D605486A}.Debug|Any CPU.ActiveCfg = Debug|Any CPU
		{FFDF3E7A-FFA2-48B9-A282-40E0D605486A}.Debug|Any CPU.Build.0 = Debug|Any CPU
		{FFDF3E7A-FFA2-48B9-A282-40E0D605486A}.Release|Any CPU.ActiveCfg = Release|Any CPU
		{FFDF3E7A-FFA2-48B9-A282-40E0D605486A}.Release|Any CPU.Build.0 = Release|Any CPU
		{C4CCBDFF-3A53-4D5E-AA8E-E812709D0080}.Debug|Any CPU.ActiveCfg = Debug|Any CPU
		{C4CCBDFF-3A53-4D5E-AA8E-E812709D0080}.Debug|Any CPU.Build.0 = Debug|Any CPU
		{C4CCBDFF-3A53-4D5E-AA8E-E812709D0080}.Release|Any CPU.ActiveCfg = Release|Any CPU
		{C4CCBDFF-3A53-4D5E-AA8E-E812709D0080}.Release|Any CPU.Build.0 = Release|Any CPU
		{6DC57C1B-94E9-475F-91EB-C72176E85D00}.Debug|Any CPU.ActiveCfg = Debug|Any CPU
		{6DC57C1B-94E9-475F-91EB-C72176E85D00}.Debug|Any CPU.Build.0 = Debug|Any CPU
		{6DC57C1B-94E9-475F-91EB-C72176E85D00}.Release|Any CPU.ActiveCfg = Release|Any CPU
		{6DC57C1B-94E9-475F-91EB-C72176E85D00}.Release|Any CPU.Build.0 = Release|Any CPU
		{78BF8DA6-2EF6-4AB2-B4D7-985E7E47C171}.Debug|Any CPU.ActiveCfg = Debug|Any CPU
		{78BF8DA6-2EF6-4AB2-B4D7-985E7E47C171}.Debug|Any CPU.Build.0 = Debug|Any CPU
		{78BF8DA6-2EF6-4AB2-B4D7-985E7E47C171}.Release|Any CPU.ActiveCfg = Release|Any CPU
		{78BF8DA6-2EF6-4AB2-B4D7-985E7E47C171}.Release|Any CPU.Build.0 = Release|Any CPU
		{BE634659-BA3E-4E06-8265-CC108417330F}.Debug|Any CPU.ActiveCfg = Debug|Any CPU
		{BE634659-BA3E-4E06-8265-CC108417330F}.Debug|Any CPU.Build.0 = Debug|Any CPU
		{BE634659-BA3E-4E06-8265-CC108417330F}.Release|Any CPU.ActiveCfg = Release|Any CPU
		{BE634659-BA3E-4E06-8265-CC108417330F}.Release|Any CPU.Build.0 = Release|Any CPU
		{3A2A691F-07FB-4A32-9446-C4021ABAA848}.Debug|Any CPU.ActiveCfg = Debug|Any CPU
		{3A2A691F-07FB-4A32-9446-C4021ABAA848}.Debug|Any CPU.Build.0 = Debug|Any CPU
		{3A2A691F-07FB-4A32-9446-C4021ABAA848}.Release|Any CPU.ActiveCfg = Release|Any CPU
		{3A2A691F-07FB-4A32-9446-C4021ABAA848}.Release|Any CPU.Build.0 = Release|Any CPU
		{715A8B95-CBC0-4A57-B4CD-7C1331B1FC3E}.Debug|Any CPU.ActiveCfg = Debug|Any CPU
		{715A8B95-CBC0-4A57-B4CD-7C1331B1FC3E}.Debug|Any CPU.Build.0 = Debug|Any CPU
		{715A8B95-CBC0-4A57-B4CD-7C1331B1FC3E}.Release|Any CPU.ActiveCfg = Release|Any CPU
		{715A8B95-CBC0-4A57-B4CD-7C1331B1FC3E}.Release|Any CPU.Build.0 = Release|Any CPU
		{380CCEB1-158C-4440-A8DB-E80413A20D3F}.Debug|Any CPU.ActiveCfg = Debug|Any CPU
		{380CCEB1-158C-4440-A8DB-E80413A20D3F}.Debug|Any CPU.Build.0 = Debug|Any CPU
		{380CCEB1-158C-4440-A8DB-E80413A20D3F}.Release|Any CPU.ActiveCfg = Release|Any CPU
		{380CCEB1-158C-4440-A8DB-E80413A20D3F}.Release|Any CPU.Build.0 = Release|Any CPU
		{B641A3C9-21CF-47BE-AF6B-2C509D4ABCDD}.Debug|Any CPU.ActiveCfg = Debug|Any CPU
		{B641A3C9-21CF-47BE-AF6B-2C509D4ABCDD}.Debug|Any CPU.Build.0 = Debug|Any CPU
		{B641A3C9-21CF-47BE-AF6B-2C509D4ABCDD}.Release|Any CPU.ActiveCfg = Release|Any CPU
		{B641A3C9-21CF-47BE-AF6B-2C509D4ABCDD}.Release|Any CPU.Build.0 = Release|Any CPU
		{B2A14203-339B-4A3A-AB8B-3871EEFAB5E7}.Debug|Any CPU.ActiveCfg = Debug|Any CPU
		{B2A14203-339B-4A3A-AB8B-3871EEFAB5E7}.Debug|Any CPU.Build.0 = Debug|Any CPU
		{B2A14203-339B-4A3A-AB8B-3871EEFAB5E7}.Release|Any CPU.ActiveCfg = Release|Any CPU
		{B2A14203-339B-4A3A-AB8B-3871EEFAB5E7}.Release|Any CPU.Build.0 = Release|Any CPU
		{ABEB020B-71C2-4C02-BB9F-3DFEBC7FA10C}.Debug|Any CPU.ActiveCfg = Debug|Any CPU
		{ABEB020B-71C2-4C02-BB9F-3DFEBC7FA10C}.Debug|Any CPU.Build.0 = Debug|Any CPU
		{ABEB020B-71C2-4C02-BB9F-3DFEBC7FA10C}.Release|Any CPU.ActiveCfg = Release|Any CPU
		{ABEB020B-71C2-4C02-BB9F-3DFEBC7FA10C}.Release|Any CPU.Build.0 = Release|Any CPU
		{5348CC6F-2924-42B5-89B7-B86A42B57DD1}.Debug|Any CPU.ActiveCfg = Debug|Any CPU
		{5348CC6F-2924-42B5-89B7-B86A42B57DD1}.Debug|Any CPU.Build.0 = Debug|Any CPU
		{5348CC6F-2924-42B5-89B7-B86A42B57DD1}.Release|Any CPU.ActiveCfg = Release|Any CPU
		{5348CC6F-2924-42B5-89B7-B86A42B57DD1}.Release|Any CPU.Build.0 = Release|Any CPU
		{1DC0DDC0-AD85-4153-A579-0885E82D92D8}.Debug|Any CPU.ActiveCfg = Debug|Any CPU
		{1DC0DDC0-AD85-4153-A579-0885E82D92D8}.Debug|Any CPU.Build.0 = Debug|Any CPU
		{1DC0DDC0-AD85-4153-A579-0885E82D92D8}.Release|Any CPU.ActiveCfg = Release|Any CPU
		{1DC0DDC0-AD85-4153-A579-0885E82D92D8}.Release|Any CPU.Build.0 = Release|Any CPU
		{728F1A25-FC1C-4648-88AB-5E0DDC6B0D5F}.Debug|Any CPU.ActiveCfg = Debug|Any CPU
		{728F1A25-FC1C-4648-88AB-5E0DDC6B0D5F}.Debug|Any CPU.Build.0 = Debug|Any CPU
		{728F1A25-FC1C-4648-88AB-5E0DDC6B0D5F}.Release|Any CPU.ActiveCfg = Release|Any CPU
		{728F1A25-FC1C-4648-88AB-5E0DDC6B0D5F}.Release|Any CPU.Build.0 = Release|Any CPU
		{294911A5-3C73-408A-A08C-A2085F1A36FB}.Debug|Any CPU.ActiveCfg = Debug|Any CPU
		{294911A5-3C73-408A-A08C-A2085F1A36FB}.Debug|Any CPU.Build.0 = Debug|Any CPU
		{294911A5-3C73-408A-A08C-A2085F1A36FB}.Release|Any CPU.ActiveCfg = Release|Any CPU
		{294911A5-3C73-408A-A08C-A2085F1A36FB}.Release|Any CPU.Build.0 = Release|Any CPU
		{E90DB16E-0BE0-4662-800D-AEF0DE7943DF}.Debug|Any CPU.ActiveCfg = Debug|Any CPU
		{E90DB16E-0BE0-4662-800D-AEF0DE7943DF}.Debug|Any CPU.Build.0 = Debug|Any CPU
		{E90DB16E-0BE0-4662-800D-AEF0DE7943DF}.Release|Any CPU.ActiveCfg = Release|Any CPU
		{E90DB16E-0BE0-4662-800D-AEF0DE7943DF}.Release|Any CPU.Build.0 = Release|Any CPU
		{612B9665-4CA7-4D3D-85CB-0B36C8BC3E83}.Debug|Any CPU.ActiveCfg = Debug|Any CPU
		{612B9665-4CA7-4D3D-85CB-0B36C8BC3E83}.Debug|Any CPU.Build.0 = Debug|Any CPU
		{612B9665-4CA7-4D3D-85CB-0B36C8BC3E83}.Release|Any CPU.ActiveCfg = Release|Any CPU
		{612B9665-4CA7-4D3D-85CB-0B36C8BC3E83}.Release|Any CPU.Build.0 = Release|Any CPU
		{CFB5880E-E00C-45B2-848F-CD784E9744F4}.Debug|Any CPU.ActiveCfg = Debug|Any CPU
		{CFB5880E-E00C-45B2-848F-CD784E9744F4}.Debug|Any CPU.Build.0 = Debug|Any CPU
		{CFB5880E-E00C-45B2-848F-CD784E9744F4}.Release|Any CPU.ActiveCfg = Release|Any CPU
		{CFB5880E-E00C-45B2-848F-CD784E9744F4}.Release|Any CPU.Build.0 = Release|Any CPU
		{BBA38422-917D-448E-BFB5-085751377F56}.Debug|Any CPU.ActiveCfg = Debug|Any CPU
		{BBA38422-917D-448E-BFB5-085751377F56}.Debug|Any CPU.Build.0 = Debug|Any CPU
		{BBA38422-917D-448E-BFB5-085751377F56}.Release|Any CPU.ActiveCfg = Release|Any CPU
		{BBA38422-917D-448E-BFB5-085751377F56}.Release|Any CPU.Build.0 = Release|Any CPU
		{364DA757-3931-486C-8182-A4D76E7DF647}.Debug|Any CPU.ActiveCfg = Debug|Any CPU
		{364DA757-3931-486C-8182-A4D76E7DF647}.Debug|Any CPU.Build.0 = Debug|Any CPU
		{364DA757-3931-486C-8182-A4D76E7DF647}.Release|Any CPU.ActiveCfg = Release|Any CPU
		{364DA757-3931-486C-8182-A4D76E7DF647}.Release|Any CPU.Build.0 = Release|Any CPU
		{49EBCCC4-C32A-4D9D-9002-1D80399E8FC9}.Debug|Any CPU.ActiveCfg = Debug|Any CPU
		{49EBCCC4-C32A-4D9D-9002-1D80399E8FC9}.Debug|Any CPU.Build.0 = Debug|Any CPU
		{49EBCCC4-C32A-4D9D-9002-1D80399E8FC9}.Release|Any CPU.ActiveCfg = Release|Any CPU
		{49EBCCC4-C32A-4D9D-9002-1D80399E8FC9}.Release|Any CPU.Build.0 = Release|Any CPU
		{DB4804D4-6B9B-41E1-9895-3CEB5CE8AA80}.Debug|Any CPU.ActiveCfg = Debug|Any CPU
		{DB4804D4-6B9B-41E1-9895-3CEB5CE8AA80}.Debug|Any CPU.Build.0 = Debug|Any CPU
		{DB4804D4-6B9B-41E1-9895-3CEB5CE8AA80}.Release|Any CPU.ActiveCfg = Release|Any CPU
		{DB4804D4-6B9B-41E1-9895-3CEB5CE8AA80}.Release|Any CPU.Build.0 = Release|Any CPU
	EndGlobalSection
	GlobalSection(SolutionProperties) = preSolution
		HideSolutionNode = FALSE
	EndGlobalSection
	GlobalSection(ExtensibilityGlobals) = postSolution
		SolutionGuid = {1D160631-042F-4C05-A071-F7DB5A08BFB3}
	EndGlobalSection
EndGlobal
